
Microsoft Visual Studio Solution File, Format Version 12.00
# Visual Studio Version 16
VisualStudioVersion = 16.0.33027.164
MinimumVisualStudioVersion = 10.0.40219.1
Project("{9A19103F-16F7-4668-BE54-9A1E7A4F7556}") = "EmployeeDetails_CRUD_Operation", "EmployeeDetails_CRUD_Operation.csproj", "{A0BFD908-E1C2-4ED4-B65E-07583624B357}"
EndProject
Project("{FAE04EC0-301F-11D3-BF4B-00C04F79EFBC}") = "UnitTestWpf", "..\UnitTestWpf\UnitTestWpf.csproj", "{C978AA56-C6E3-481F-AA43-BDAC1EF1AA5F}"
EndProject
Global
	GlobalSection(SolutionConfigurationPlatforms) = preSolution
		Debug|Any CPU = Debug|Any CPU
		Release|Any CPU = Release|Any CPU
	EndGlobalSection
	GlobalSection(ProjectConfigurationPlatforms) = postSolution
		{A0BFD908-E1C2-4ED4-B65E-07583624B357}.Debug|Any CPU.ActiveCfg = Debug|Any CPU
		{A0BFD908-E1C2-4ED4-B65E-07583624B357}.Debug|Any CPU.Build.0 = Debug|Any CPU
		{A0BFD908-E1C2-4ED4-B65E-07583624B357}.Release|Any CPU.ActiveCfg = Release|Any CPU
		{A0BFD908-E1C2-4ED4-B65E-07583624B357}.Release|Any CPU.Build.0 = Release|Any CPU
		{C978AA56-C6E3-481F-AA43-BDAC1EF1AA5F}.Debug|Any CPU.ActiveCfg = Debug|Any CPU
		{C978AA56-C6E3-481F-AA43-BDAC1EF1AA5F}.Debug|Any CPU.Build.0 = Debug|Any CPU
		{C978AA56-C6E3-481F-AA43-BDAC1EF1AA5F}.Release|Any CPU.ActiveCfg = Release|Any CPU
		{C978AA56-C6E3-481F-AA43-BDAC1EF1AA5F}.Release|Any CPU.Build.0 = Release|Any CPU
	EndGlobalSection
	GlobalSection(SolutionProperties) = preSolution
		HideSolutionNode = FALSE
	EndGlobalSection
	GlobalSection(ExtensibilityGlobals) = postSolution
		SolutionGuid = {DA4A3215-3381-45A1-9257-79DFE24D4465}
	EndGlobalSection
EndGlobal
